
Microsoft Visual Studio Solution File, Format Version 12.00
# Visual Studio 15
VisualStudioVersion = 15.0.28307.168
MinimumVisualStudioVersion = 10.0.40219.1
Project("{FAE04EC0-301F-11D3-BF4B-00C04F79EFBC}") = "PC Safe", "PC Safe\PC Safe.csproj", "{0F85425F-8689-45AC-AD39-8D05643118F5}"
EndProject
Global
	GlobalSection(SolutionConfigurationPlatforms) = preSolution
		Debug|Any CPU = Debug|Any CPU
		Release|Any CPU = Release|Any CPU
	EndGlobalSection
	GlobalSection(ProjectConfigurationPlatforms) = postSolution
		{0F85425F-8689-45AC-AD39-8D05643118F5}.Debug|Any CPU.ActiveCfg = Debug|Any CPU
		{0F85425F-8689-45AC-AD39-8D05643118F5}.Debug|Any CPU.Build.0 = Debug|Any CPU
		{0F85425F-8689-45AC-AD39-8D05643118F5}.Release|Any CPU.ActiveCfg = Release|Any CPU
		{0F85425F-8689-45AC-AD39-8D05643118F5}.Release|Any CPU.Build.0 = Release|Any CPU
	EndGlobalSection
	GlobalSection(SolutionProperties) = preSolution
		HideSolutionNode = FALSE
	EndGlobalSection
	GlobalSection(ExtensibilityGlobals) = postSolution
		SolutionGuid = {E8373B81-1970-48F4-94BC-4E854EF82AE4}
	EndGlobalSection
EndGlobal
